Microsoft Visual Studio Solution File, Format Version 12.00
# Visual Studio Version 17
VisualStudioVersion = 17.10.34814.14
MinimumVisualStudioVersion = 10.0.40219.1
Project("{9A19103F-16F7-4668-BE54-9A1E7A4F7556}") = "AspireApp1.AppHost", "AspireApp1.AppHost\AspireApp1.AppHost.csproj", "{1B02CC5D-C0C7-4579-94D9-543E00B0C0F8}"
EndProject
Project("{9A19103F-16F7-4668-BE54-9A1E7A4F7556}") = "AspireApp1.ServiceDefaults", "AspireApp1.ServiceDefaults\AspireApp1.ServiceDefaults.csproj", "{4D22019E-FABF-4958-BD95-9B573BC1FFE3}"
EndProject
Project("{9A19103F-16F7-4668-BE54-9A1E7A4F7556}") = "AspireApp1.ApiService", "AspireApp1.ApiService\AspireApp1.ApiService.csproj", "{AC41F11A-1B20-4603-8A8D-421FD1370A21}"
EndProject
Project("{9A19103F-16F7-4668-BE54-9A1E7A4F7556}") = "AspireApp1.Web", "AspireApp1.Web\AspireApp1.Web.csproj", "{330D55F5-ADF1-4F25-80B5-0E4F1300346D}"
EndProject
Project("{9A19103F-16F7-4668-BE54-9A1E7A4F7556}") = "AspireApp1.Tests", "AspireApp1.Tests\AspireApp1.Tests.csproj", "{845CE230-0A13-43BA-87B0-5181C84A86EA}"
EndProject
Project("{FAE04EC0-301F-11D3-BF4B-00C04F79EFBC}") = "AspireApp1.Shared", "AspireApp1.Shared\AspireApp1.Shared.csproj", "{DC2B0D17-0BD1-4FEB-9DAF-7D62CCDCC3B1}"
EndProject
Global
	GlobalSection(SolutionConfigurationPlatforms) = preSolution
		Debug|Any CPU = Debug|Any CPU
		Release|Any CPU = Release|Any CPU
	EndGlobalSection
	GlobalSection(ProjectConfigurationPlatforms) = postSolution
		{1B02CC5D-C0C7-4579-94D9-543E00B0C0F8}.Debug|Any CPU.ActiveCfg = Debug|Any CPU
		{1B02CC5D-C0C7-4579-94D9-543E00B0C0F8}.Debug|Any CPU.Build.0 = Debug|Any CPU
		{1B02CC5D-C0C7-4579-94D9-543E00B0C0F8}.Release|Any CPU.ActiveCfg = Release|Any CPU
		{1B02CC5D-C0C7-4579-94D9-543E00B0C0F8}.Release|Any CPU.Build.0 = Release|Any CPU
		{4D22019E-FABF-4958-BD95-9B573BC1FFE3}.Debug|Any CPU.ActiveCfg = Debug|Any CPU
		{4D22019E-FABF-4958-BD95-9B573BC1FFE3}.Debug|Any CPU.Build.0 = Debug|Any CPU
		{4D22019E-FABF-4958-BD95-9B573BC1FFE3}.Release|Any CPU.ActiveCfg = Release|Any CPU
		{4D22019E-FABF-4958-BD95-9B573BC1FFE3}.Release|Any CPU.Build.0 = Release|Any CPU
		{AC41F11A-1B20-4603-8A8D-421FD1370A21}.Debug|Any CPU.ActiveCfg = Debug|Any CPU
		{AC41F11A-1B20-4603-8A8D-421FD1370A21}.Debug|Any CPU.Build.0 = Debug|Any CPU
		{AC41F11A-1B20-4603-8A8D-421FD1370A21}.Release|Any CPU.ActiveCfg = Release|Any CPU
		{AC41F11A-1B20-4603-8A8D-421FD1370A21}.Release|Any CPU.Build.0 = Release|Any CPU
		{330D55F5-ADF1-4F25-80B5-0E4F1300346D}.Debug|Any CPU.ActiveCfg = Debug|Any CPU
		{330D55F5-ADF1-4F25-80B5-0E4F1300346D}.Debug|Any CPU.Build.0 = Debug|Any CPU
		{330D55F5-ADF1-4F25-80B5-0E4F1300346D}.Release|Any CPU.ActiveCfg = Release|Any CPU
		{330D55F5-ADF1-4F25-80B5-0E4F1300346D}.Release|Any CPU.Build.0 = Release|Any CPU
		{845CE230-0A13-43BA-87B0-5181C84A86EA}.Debug|Any CPU.ActiveCfg = Debug|Any CPU
		{845CE230-0A13-43BA-87B0-5181C84A86EA}.Debug|Any CPU.Build.0 = Debug|Any CPU
		{845CE230-0A13-43BA-87B0-5181C84A86EA}.Release|Any CPU.ActiveCfg = Release|Any CPU
		{845CE230-0A13-43BA-87B0-5181C84A86EA}.Release|Any CPU.Build.0 = Release|Any CPU
		{DC2B0D17-0BD1-4FEB-9DAF-7D62CCDCC3B1}.Debug|Any CPU.ActiveCfg = Debug|Any CPU
		{DC2B0D17-0BD1-4FEB-9DAF-7D62CCDCC3B1}.Debug|Any CPU.Build.0 = Debug|Any CPU
		{DC2B0D17-0BD1-4FEB-9DAF-7D62CCDCC3B1}.Release|Any CPU.ActiveCfg = Release|Any CPU
		{DC2B0D17-0BD1-4FEB-9DAF-7D62CCDCC3B1}.Release|Any CPU.Build.0 = Release|Any CPU
	EndGlobalSection
	GlobalSection(SolutionProperties) = preSolution
		HideSolutionNode = FALSE
	EndGlobalSection
	GlobalSection(ExtensibilityGlobals) = postSolution
		SolutionGuid = {B916AA2A-A38D-45B1-A397-51349EB4F955}
	EndGlobalSection
EndGlobal
