
Microsoft Visual Studio Solution File, Format Version 12.00
# Visual Studio Version 17
VisualStudioVersion = 17.8.34408.163
MinimumVisualStudioVersion = 10.0.40219.1
Project("{9A19103F-16F7-4668-BE54-9A1E7A4F7556}") = "BlazorWeb", "BlazorWeb\BlazorWeb\BlazorWeb.csproj", "{8722D0A0-9DD5-4EE5-BE4F-4E9E403C30AA}"
EndProject
Project("{9A19103F-16F7-4668-BE54-9A1E7A4F7556}") = "BlazorWeb.Client", "BlazorWeb\BlazorWeb.Client\BlazorWeb.Client.csproj", "{18B25EDE-E114-434E-8618-EEC4D0F5EC82}"
EndProject
Project("{9A19103F-16F7-4668-BE54-9A1E7A4F7556}") = "BlazorServer", "BlazorServer\BlazorServer.csproj", "{7A52537C-74FD-4E28-A3CC-E7615DF46C26}"
EndProject
Project("{9A19103F-16F7-4668-BE54-9A1E7A4F7556}") = "AzureFunction", "AzureFunction\AzureFunction.csproj", "{238BFF98-2334-4469-9881-064A89D1C02A}"
EndProject
Project("{9A19103F-16F7-4668-BE54-9A1E7A4F7556}") = "CSharpTwelve", "CSharpTwelve\CSharpTwelve.csproj", "{A489AF98-140B-4497-91A3-7733391BA8DE}"
EndProject
Project("{9A19103F-16F7-4668-BE54-9A1E7A4F7556}") = "Performance", "Performance\Performance.csproj", "{6309044A-D643-4C22-8187-879571084F0B}"
EndProject
Project("{9A19103F-16F7-4668-BE54-9A1E7A4F7556}") = "RandomStuff", "RandomStuff\RandomStuff.csproj", "{D18410A6-415D-4E5F-8FDF-A8DC18DAD7BF}"
EndProject
Project("{9A19103F-16F7-4668-BE54-9A1E7A4F7556}") = "EFCoreEight", "EFCoreEight\EFCoreEight.csproj", "{3F7B1613-CB0F-4A76-A403-BF1F29450C8A}"
EndProject
Project("{FAE04EC0-301F-11D3-BF4B-00C04F79EFBC}") = "YouMightHaveMissed", "YouMightHaveMissed\YouMightHaveMissed.csproj", "{EA787CED-0F10-4F4D-ACB9-AF62C5241477}"
EndProject
Global
	GlobalSection(SolutionConfigurationPlatforms) = preSolution
		Debug|Any CPU = Debug|Any CPU
		Release|Any CPU = Release|Any CPU
	EndGlobalSection
	GlobalSection(ProjectConfigurationPlatforms) = postSolution
		{8722D0A0-9DD5-4EE5-BE4F-4E9E403C30AA}.Debug|Any CPU.ActiveCfg = Debug|Any CPU
		{8722D0A0-9DD5-4EE5-BE4F-4E9E403C30AA}.Debug|Any CPU.Build.0 = Debug|Any CPU
		{8722D0A0-9DD5-4EE5-BE4F-4E9E403C30AA}.Release|Any CPU.ActiveCfg = Release|Any CPU
		{8722D0A0-9DD5-4EE5-BE4F-4E9E403C30AA}.Release|Any CPU.Build.0 = Release|Any CPU
		{18B25EDE-E114-434E-8618-EEC4D0F5EC82}.Debug|Any CPU.ActiveCfg = Debug|Any CPU
		{18B25EDE-E114-434E-8618-EEC4D0F5EC82}.Debug|Any CPU.Build.0 = Debug|Any CPU
		{18B25EDE-E114-434E-8618-EEC4D0F5EC82}.Release|Any CPU.ActiveCfg = Release|Any CPU
		{18B25EDE-E114-434E-8618-EEC4D0F5EC82}.Release|Any CPU.Build.0 = Release|Any CPU
		{7A52537C-74FD-4E28-A3CC-E7615DF46C26}.Debug|Any CPU.ActiveCfg = Debug|Any CPU
		{7A52537C-74FD-4E28-A3CC-E7615DF46C26}.Debug|Any CPU.Build.0 = Debug|Any CPU
		{7A52537C-74FD-4E28-A3CC-E7615DF46C26}.Release|Any CPU.ActiveCfg = Release|Any CPU
		{7A52537C-74FD-4E28-A3CC-E7615DF46C26}.Release|Any CPU.Build.0 = Release|Any CPU
		{238BFF98-2334-4469-9881-064A89D1C02A}.Debug|Any CPU.ActiveCfg = Debug|Any CPU
		{238BFF98-2334-4469-9881-064A89D1C02A}.Debug|Any CPU.Build.0 = Debug|Any CPU
		{238BFF98-2334-4469-9881-064A89D1C02A}.Release|Any CPU.ActiveCfg = Release|Any CPU
		{238BFF98-2334-4469-9881-064A89D1C02A}.Release|Any CPU.Build.0 = Release|Any CPU
		{A489AF98-140B-4497-91A3-7733391BA8DE}.Debug|Any CPU.ActiveCfg = Debug|Any CPU
		{A489AF98-140B-4497-91A3-7733391BA8DE}.Debug|Any CPU.Build.0 = Debug|Any CPU
		{A489AF98-140B-4497-91A3-7733391BA8DE}.Release|Any CPU.ActiveCfg = Release|Any CPU
		{A489AF98-140B-4497-91A3-7733391BA8DE}.Release|Any CPU.Build.0 = Release|Any CPU
		{6309044A-D643-4C22-8187-879571084F0B}.Debug|Any CPU.ActiveCfg = Debug|Any CPU
		{6309044A-D643-4C22-8187-879571084F0B}.Debug|Any CPU.Build.0 = Debug|Any CPU
		{6309044A-D643-4C22-8187-879571084F0B}.Release|Any CPU.ActiveCfg = Release|Any CPU
		{6309044A-D643-4C22-8187-879571084F0B}.Release|Any CPU.Build.0 = Release|Any CPU
		{D18410A6-415D-4E5F-8FDF-A8DC18DAD7BF}.Debug|Any CPU.ActiveCfg = Debug|Any CPU
		{D18410A6-415D-4E5F-8FDF-A8DC18DAD7BF}.Debug|Any CPU.Build.0 = Debug|Any CPU
		{D18410A6-415D-4E5F-8FDF-A8DC18DAD7BF}.Release|Any CPU.ActiveCfg = Release|Any CPU
		{D18410A6-415D-4E5F-8FDF-A8DC18DAD7BF}.Release|Any CPU.Build.0 = Release|Any CPU
		{3F7B1613-CB0F-4A76-A403-BF1F29450C8A}.Debug|Any CPU.ActiveCfg = Debug|Any CPU
		{3F7B1613-CB0F-4A76-A403-BF1F29450C8A}.Debug|Any CPU.Build.0 = Debug|Any CPU
		{3F7B1613-CB0F-4A76-A403-BF1F29450C8A}.Release|Any CPU.ActiveCfg = Release|Any CPU
		{3F7B1613-CB0F-4A76-A403-BF1F29450C8A}.Release|Any CPU.Build.0 = Release|Any CPU
		{EA787CED-0F10-4F4D-ACB9-AF62C5241477}.Debug|Any CPU.ActiveCfg = Debug|Any CPU
		{EA787CED-0F10-4F4D-ACB9-AF62C5241477}.Debug|Any CPU.Build.0 = Debug|Any CPU
		{EA787CED-0F10-4F4D-ACB9-AF62C5241477}.Release|Any CPU.ActiveCfg = Release|Any CPU
		{EA787CED-0F10-4F4D-ACB9-AF62C5241477}.Release|Any CPU.Build.0 = Release|Any CPU
	EndGlobalSection
	GlobalSection(SolutionProperties) = preSolution
		HideSolutionNode = FALSE
	EndGlobalSection
	GlobalSection(ExtensibilityGlobals) = postSolution
		SolutionGuid = {A991DF16-5BB2-4245-8E4E-2927962A3CD3}
	EndGlobalSection
EndGlobal
